// !$*UTF8*$!
{
	archiveVersion = 1;
	classes = {
	};
	objectVersion = 46;
	objects = {

/* Begin PBXBuildFile section */
		002C19BF1D9B98D30096283F /* main.m in Sources */ = {isa = PBXBuildFile; fileRef = 002C19BE1D9B98D30096283F /* main.m */; };
		002C19C21D9B98D30096283F /* AppDelegate.m in Sources */ = {isa = PBXBuildFile; fileRef = 002C19C11D9B98D30096283F /* AppDelegate.m */; };
		002C19C51D9B98D30096283F /* ViewController.m in Sources */ = {isa = PBXBuildFile; fileRef = 002C19C41D9B98D30096283F /* ViewController.m */; };
		002C19C81D9B98D30096283F /* Main.storyboard in Resources */ = {isa = PBXBuildFile; fileRef = 002C19C61D9B98D30096283F /* Main.storyboard */; };
		002C19CB1D9B98D30096283F /* WSQRCode.xcdatamodeld in Sources */ = {isa = PBXBuildFile; fileRef = 002C19C91D9B98D30096283F /* WSQRCode.xcdatamodeld */; };
		002C19CD1D9B98D30096283F /* Assets.xcassets in Resources */ = {isa = PBXBuildFile; fileRef = 002C19CC1D9B98D30096283F /* Assets.xcassets */; };
		002C19D01D9B98D30096283F /* LaunchScreen.storyboard in Resources */ = {isa = PBXBuildFile; fileRef = 002C19CE1D9B98D30096283F /* LaunchScreen.storyboard */; };
		002C19DB1D9B98D30096283F /* WSQRCodeTests.m in Sources */ = {isa = PBXBuildFile; fileRef = 002C19DA1D9B98D30096283F /* WSQRCodeTests.m */; };
		002C19E61D9B98D30096283F /* WSQRCodeUITests.m in Sources */ = {isa = PBXBuildFile; fileRef = 002C19E51D9B98D30096283F /* WSQRCodeUITests.m */; };
		002C19F51D9B99210096283F /* WSQRCodeViewController.m in Sources */ = {isa = PBXBuildFile; fileRef = 002C19F41D9B99210096283F /* WSQRCodeViewController.m */; };
		002C19F61D9B99210096283F /* WSQRCodeViewController.m in Sources */ = {isa = PBXBuildFile; fileRef = 002C19F41D9B99210096283F /* WSQRCodeViewController.m */; };
		002C19F91D9B9A360096283F /* WSCreateQRCodeViewController.m in Sources */ = {isa = PBXBuildFile; fileRef = 002C19F81D9B9A360096283F /* WSCreateQRCodeViewController.m */; };
		002C19FA1D9B9A360096283F /* WSCreateQRCodeViewController.m in Sources */ = {isa = PBXBuildFile; fileRef = 002C19F81D9B9A360096283F /* WSCreateQRCodeViewController.m */; };
		002C1A131D9BA1A80096283F /* MASCompositeConstraint.m in Sources */ = {isa = PBXBuildFile; fileRef = 002C19FD1D9BA1A80096283F /* MASCompositeConstraint.m */; };
		002C1A141D9BA1A80096283F /* MASCompositeConstraint.m in Sources */ = {isa = PBXBuildFile; fileRef = 002C19FD1D9BA1A80096283F /* MASCompositeConstraint.m */; };
		002C1A151D9BA1A80096283F /* MASConstraint.m in Sources */ = {isa = PBXBuildFile; fileRef = 002C1A001D9BA1A80096283F /* MASConstraint.m */; };
		002C1A161D9BA1A80096283F /* MASConstraint.m in Sources */ = {isa = PBXBuildFile; fileRef = 002C1A001D9BA1A80096283F /* MASConstraint.m */; };
		002C1A171D9BA1A80096283F /* MASConstraintMaker.m in Sources */ = {isa = PBXBuildFile; fileRef = 002C1A021D9BA1A80096283F /* MASConstraintMaker.m */; };
		002C1A181D9BA1A80096283F /* MASConstraintMaker.m in Sources */ = {isa = PBXBuildFile; fileRef = 002C1A021D9BA1A80096283F /* MASConstraintMaker.m */; };
		002C1A191D9BA1A80096283F /* MASLayoutConstraint.m in Sources */ = {isa = PBXBuildFile; fileRef = 002C1A041D9BA1A80096283F /* MASLayoutConstraint.m */; };
		002C1A1A1D9BA1A80096283F /* MASLayoutConstraint.m in Sources */ = {isa = PBXBuildFile; fileRef = 002C1A041D9BA1A80096283F /* MASLayoutConstraint.m */; };
		002C1A1B1D9BA1A80096283F /* MASViewAttribute.m in Sources */ = {isa = PBXBuildFile; fileRef = 002C1A081D9BA1A80096283F /* MASViewAttribute.m */; };
		002C1A1C1D9BA1A80096283F /* MASViewAttribute.m in Sources */ = {isa = PBXBuildFile; fileRef = 002C1A081D9BA1A80096283F /* MASViewAttribute.m */; };
		002C1A1D1D9BA1A80096283F /* MASViewConstraint.m in Sources */ = {isa = PBXBuildFile; fileRef = 002C1A0A1D9BA1A80096283F /* MASViewConstraint.m */; };
		002C1A1E1D9BA1A80096283F /* MASViewConstraint.m in Sources */ = {isa = PBXBuildFile; fileRef = 002C1A0A1D9BA1A80096283F /* MASViewConstraint.m */; };
		002C1A1F1D9BA1A80096283F /* NSArray+MASAdditions.m in Sources */ = {isa = PBXBuildFile; fileRef = 002C1A0C1D9BA1A80096283F /* NSArray+MASAdditions.m */; };
		002C1A201D9BA1A80096283F /* NSArray+MASAdditions.m in Sources */ = {isa = PBXBuildFile; fileRef = 002C1A0C1D9BA1A80096283F /* NSArray+MASAdditions.m */; };
		002C1A211D9BA1A80096283F /* NSLayoutConstraint+MASDebugAdditions.m in Sources */ = {isa = PBXBuildFile; fileRef = 002C1A0F1D9BA1A80096283F /* NSLayoutConstraint+MASDebugAdditions.m */; };
		002C1A221D9BA1A80096283F /* NSLayoutConstraint+MASDebugAdditions.m in Sources */ = {isa = PBXBuildFile; fileRef = 002C1A0F1D9BA1A80096283F /* NSLayoutConstraint+MASDebugAdditions.m */; };
		002C1A231D9BA1A80096283F /* View+MASAdditions.m in Sources */ = {isa = PBXBuildFile; fileRef = 002C1A111D9BA1A80096283F /* View+MASAdditions.m */; };
		002C1A241D9BA1A80096283F /* View+MASAdditions.m in Sources */ = {isa = PBXBuildFile; fileRef = 002C1A111D9BA1A80096283F /* View+MASAdditions.m */; };
/* End PBXBuildFile section */

/* Begin PBXContainerItemProxy section */
		002C19D71D9B98D30096283F /* PBXContainerItemProxy */ = {
			isa = PBXContainerItemProxy;
			containerPortal = 002C19B21D9B98D30096283F /* Project object */;
			proxyType = 1;
			remoteGlobalIDString = 002C19B91D9B98D30096283F;
			remoteInfo = WSQRCode;
		};
		002C19E21D9B98D30096283F /* PBXContainerItemProxy */ = {
			isa = PBXContainerItemProxy;
			containerPortal = 002C19B21D9B98D30096283F /* Project object */;
			proxyType = 1;
			remoteGlobalIDString = 002C19B91D9B98D30096283F;
			remoteInfo = WSQRCode;
		};
/* End PBXContainerItemProxy section */

/* Begin PBXFileReference section */
		002C19BA1D9B98D30096283F /* WSQRCode.app */ = {isa = PBXFileReference; explicitFileType = wrapper.application; includeInIndex = 0; path = WSQRCode.app; sourceTree = BUILT_PRODUCTS_DIR; };
		002C19BE1D9B98D30096283F /* main.m */ = {isa = PBXFileReference; lastKnownFileType = sourcecode.c.objc; path = main.m; sourceTree = "<group>"; };
		002C19C01D9B98D30096283F /* AppDelegate.h */ = {isa = PBXFileReference; lastKnownFileType = sourcecode.c.h; path = AppDelegate.h; sourceTree = "<group>"; };
		002C19C11D9B98D30096283F /* AppDelegate.m */ = {isa = PBXFileReference; lastKnownFileType = sourcecode.c.objc; path = AppDelegate.m; sourceTree = "<group>"; };
		002C19C31D9B98D30096283F /* ViewController.h */ = {isa = PBXFileReference; lastKnownFileType = sourcecode.c.h; path = ViewController.h; sourceTree = "<group>"; };
		002C19C41D9B98D30096283F /* ViewController.m */ = {isa = PBXFileReference; lastKnownFileType = sourcecode.c.objc; path = ViewController.m; sourceTree = "<group>"; };
		002C19C71D9B98D30096283F /* Base */ = {isa = PBXFileReference; lastKnownFileType = file.storyboard; name = Base; path = Base.lproj/Main.storyboard; sourceTree = "<group>"; };
		002C19CA1D9B98D30096283F /* WSQRCode.xcdatamodel */ = {isa = PBXFileReference; lastKnownFileType = wrapper.xcdatamodel; path = WSQRCode.xcdatamodel; sourceTree = "<group>"; };
		002C19CC1D9B98D30096283F /* Assets.xcassets */ = {isa = PBXFileReference; lastKnownFileType = folder.assetcatalog; path = Assets.xcassets; sourceTree = "<group>"; };
		002C19CF1D9B98D30096283F /* Base */ = {isa = PBXFileReference; lastKnownFileType = file.storyboard; name = Base; path = Base.lproj/LaunchScreen.storyboard; sourceTree = "<group>"; };
		002C19D11D9B98D30096283F /* Info.plist */ = {isa = PBXFileReference; lastKnownFileType = text.plist.xml; path = Info.plist; sourceTree = "<group>"; };
		002C19D61D9B98D30096283F /* WSQRCodeTests.xctest */ = {isa = PBXFileReference; explicitFileType = wrapper.cfbundle; includeInIndex = 0; path = WSQRCodeTests.xctest; sourceTree = BUILT_PRODUCTS_DIR; };
		002C19DA1D9B98D30096283F /* WSQRCodeTests.m */ = {isa = PBXFileReference; lastKnownFileType = sourcecode.c.objc; path = WSQRCodeTests.m; sourceTree = "<group>"; };
		002C19DC1D9B98D30096283F /* Info.plist */ = {isa = PBXFileReference; lastKnownFileType = text.plist.xml; path = Info.plist; sourceTree = "<group>"; };
		002C19E11D9B98D30096283F /* WSQRCodeUITests.xctest */ = {isa = PBXFileReference; explicitFileType = wrapper.cfbundle; includeInIndex = 0; path = WSQRCodeUITests.xctest; sourceTree = BUILT_PRODUCTS_DIR; };
		002C19E51D9B98D30096283F /* WSQRCodeUITests.m */ = {isa = PBXFileReference; lastKnownFileType = sourcecode.c.objc; path = WSQRCodeUITests.m; sourceTree = "<group>"; };
		002C19E71D9B98D30096283F /* Info.plist */ = {isa = PBXFileReference; lastKnownFileType = text.plist.xml; path = Info.plist; sourceTree = "<group>"; };
		002C19F31D9B99210096283F /* WSQRCodeViewController.h */ = {isa = PBXFileReference; fileEncoding = 4; lastKnownFileType = sourcecode.c.h; path = WSQRCodeViewController.h; sourceTree = "<group>"; };
		002C19F41D9B99210096283F /* WSQRCodeViewController.m */ = {isa = PBXFileReference; fileEncoding = 4; lastKnownFileType = sourcecode.c.objc; path = WSQRCodeViewController.m; sourceTree = "<group>"; };
		002C19F71D9B9A360096283F /* WSCreateQRCodeViewController.h */ = {isa = PBXFileReference; fileEncoding = 4; lastKnownFileType = sourcecode.c.h; path = WSCreateQRCodeViewController.h; sourceTree = "<group>"; };
		002C19F81D9B9A360096283F /* WSCreateQRCodeViewController.m */ = {isa = PBXFileReference; fileEncoding = 4; lastKnownFileType = sourcecode.c.objc; path = WSCreateQRCodeViewController.m; sourceTree = "<group>"; };
		002C19FC1D9BA1A80096283F /* MASCompositeConstraint.h */ = {isa = PBXFileReference; fileEncoding = 4; lastKnownFileType = sourcecode.c.h; path = MASCompositeConstraint.h; sourceTree = "<group>"; };
		002C19FD1D9BA1A80096283F /* MASCompositeConstraint.m */ = {isa = PBXFileReference; fileEncoding = 4; lastKnownFileType = sourcecode.c.objc; path = MASCompositeConstraint.m; sourceTree = "<group>"; };
		002C19FE1D9BA1A80096283F /* MASConstraint+Private.h */ = {isa = PBXFileReference; fileEncoding = 4; lastKnownFileType = sourcecode.c.h; path = "MASConstraint+Private.h"; sourceTree = "<group>"; };
		002C19FF1D9BA1A80096283F /* MASConstraint.h */ = {isa = PBXFileReference; fileEncoding = 4; lastKnownFileType = sourcecode.c.h; path = MASConstraint.h; sourceTree = "<group>"; };
		002C1A001D9BA1A80096283F /* MASConstraint.m */ = {isa = PBXFileReference; fileEncoding = 4; lastKnownFileType = sourcecode.c.objc; path = MASConstraint.m; sourceTree = "<group>"; };
		002C1A011D9BA1A80096283F /* MASConstraintMaker.h */ = {isa = PBXFileReference; fileEncoding = 4; lastKnownFileType = sourcecode.c.h; path = MASConstraintMaker.h; sourceTree = "<group>"; };
		002C1A021D9BA1A80096283F /* MASConstraintMaker.m */ = {isa = PBXFileReference; fileEncoding = 4; lastKnownFileType = sourcecode.c.objc; path = MASConstraintMaker.m; sourceTree = "<group>"; };
		002C1A031D9BA1A80096283F /* MASLayoutConstraint.h */ = {isa = PBXFileReference; fileEncoding = 4; lastKnownFileType = sourcecode.c.h; path = MASLayoutConstraint.h; sourceTree = "<group>"; };
		002C1A041D9BA1A80096283F /* MASLayoutConstraint.m */ = {isa = PBXFileReference; fileEncoding = 4; lastKnownFileType = sourcecode.c.objc; path = MASLayoutConstraint.m; sourceTree = "<group>"; };
		002C1A051D9BA1A80096283F /* Masonry.h */ = {isa = PBXFileReference; fileEncoding = 4; lastKnownFileType = sourcecode.c.h; path = Masonry.h; sourceTree = "<group>"; };
		002C1A061D9BA1A80096283F /* MASUtilities.h */ = {isa = PBXFileReference; fileEncoding = 4; lastKnownFileType = sourcecode.c.h; path = MASUtilities.h; sourceTree = "<group>"; };
		002C1A071D9BA1A80096283F /* MASViewAttribute.h */ = {isa = PBXFileReference; fileEncoding = 4; lastKnownFileType = sourcecode.c.h; path = MASViewAttribute.h; sourceTree = "<group>"; };
		002C1A081D9BA1A80096283F /* MASViewAttribute.m */ = {isa = PBXFileReference; fileEncoding = 4; lastKnownFileType = sourcecode.c.objc; path = MASViewAttribute.m; sourceTree = "<group>"; };
		002C1A091D9BA1A80096283F /* MASViewConstraint.h */ = {isa = PBXFileReference; fileEncoding = 4; lastKnownFileType = sourcecode.c.h; path = MASViewConstraint.h; sourceTree = "<group>"; };
		002C1A0A1D9BA1A80096283F /* MASViewConstraint.m */ = {isa = PBXFileReference; fileEncoding = 4; lastKnownFileType = sourcecode.c.objc; path = MASViewConstraint.m; sourceTree = "<group>"; };
		002C1A0B1D9BA1A80096283F /* NSArray+MASAdditions.h */ = {isa = PBXFileReference; fileEncoding = 4; lastKnownFileType = sourcecode.c.h; path = "NSArray+MASAdditions.h"; sourceTree = "<group>"; };
		002C1A0C1D9BA1A80096283F /* NSArray+MASAdditions.m */ = {isa = PBXFileReference; fileEncoding = 4; lastKnownFileType = sourcecode.c.objc; path = "NSArray+MASAdditions.m"; sourceTree = "<group>"; };
		002C1A0D1D9BA1A80096283F /* NSArray+MASShorthandAdditions.h */ = {isa = PBXFileReference; fileEncoding = 4; lastKnownFileType = sourcecode.c.h; path = "NSArray+MASShorthandAdditions.h"; sourceTree = "<group>"; };
		002C1A0E1D9BA1A80096283F /* NSLayoutConstraint+MASDebugAdditions.h */ = {isa = PBXFileReference; fileEncoding = 4; lastKnownFileType = sourcecode.c.h; path = "NSLayoutConstraint+MASDebugAdditions.h"; sourceTree = "<group>"; };
		002C1A0F1D9BA1A80096283F /* NSLayoutConstraint+MASDebugAdditions.m */ = {isa = PBXFileReference; fileEncoding = 4; lastKnownFileType = sourcecode.c.objc; path = "NSLayoutConstraint+MASDebugAdditions.m"; sourceTree = "<group>"; };
		002C1A101D9BA1A80096283F /* View+MASAdditions.h */ = {isa = PBXFileReference; fileEncoding = 4; lastKnownFileType = sourcecode.c.h; path = "View+MASAdditions.h"; sourceTree = "<group>"; };
		002C1A111D9BA1A80096283F /* View+MASAdditions.m */ = {isa = PBXFileReference; fileEncoding = 4; lastKnownFileType = sourcecode.c.objc; path = "View+MASAdditions.m"; sourceTree = "<group>"; };
		002C1A121D9BA1A80096283F /* View+MASShorthandAdditions.h */ = {isa = PBXFileReference; fileEncoding = 4; lastKnownFileType = sourcecode.c.h; path = "View+MASShorthandAdditions.h"; sourceTree = "<group>"; };
/* End PBXFileReference section */

/* Begin PBXFrameworksBuildPhase section */
		002C19B71D9B98D30096283F /* Frameworks */ = {
			isa = PBXFrameworksBuildPhase;
			buildActionMask = 2147483647;
			files = (
			);
			runOnlyForDeploymentPostprocessing = 0;
		};
		002C19D31D9B98D30096283F /* Frameworks */ = {
			isa = PBXFrameworksBuildPhase;
			buildActionMask = 2147483647;
			files = (
			);
			runOnlyForDeploymentPostprocessing = 0;
		};
		002C19DE1D9B98D30096283F /* Frameworks */ = {
			isa = PBXFrameworksBuildPhase;
			buildActionMask = 2147483647;
			files = (
			);
			runOnlyForDeploymentPostprocessing = 0;
		};
/* End PBXFrameworksBuildPhase section */

/* Begin PBXGroup section */
		002C19B11D9B98D30096283F = {
			isa = PBXGroup;
			children = (
				002C19BC1D9B98D30096283F /* WSQRCode */,
				002C19D91D9B98D30096283F /* WSQRCodeTests */,
				002C19E41D9B98D30096283F /* WSQRCodeUITests */,
				002C19BB1D9B98D30096283F /* Products */,
			);
			sourceTree = "<group>";
		};
		002C19BB1D9B98D30096283F /* Products */ = {
			isa = PBXGroup;
			children = (
				002C19BA1D9B98D30096283F /* WSQRCode.app */,
				002C19D61D9B98D30096283F /* WSQRCodeTests.xctest */,
				002C19E11D9B98D30096283F /* WSQRCodeUITests.xctest */,
			);
			name = Products;
			sourceTree = "<group>";
		};
		002C19BC1D9B98D30096283F /* WSQRCode */ = {
			isa = PBXGroup;
			children = (
				002C19FB1D9BA1A80096283F /* Masonry */,
				002C19C01D9B98D30096283F /* AppDelegate.h */,
				002C19C11D9B98D30096283F /* AppDelegate.m */,
				002C19C31D9B98D30096283F /* ViewController.h */,
				002C19C41D9B98D30096283F /* ViewController.m */,
				002C19F31D9B99210096283F /* WSQRCodeViewController.h */,
				002C19F41D9B99210096283F /* WSQRCodeViewController.m */,
				002C19F71D9B9A360096283F /* WSCreateQRCodeViewController.h */,
				002C19F81D9B9A360096283F /* WSCreateQRCodeViewController.m */,
				002C19C61D9B98D30096283F /* Main.storyboard */,
				002C19CC1D9B98D30096283F /* Assets.xcassets */,
				002C19CE1D9B98D30096283F /* LaunchScreen.storyboard */,
				002C19D11D9B98D30096283F /* Info.plist */,
				002C19C91D9B98D30096283F /* WSQRCode.xcdatamodeld */,
				002C19BD1D9B98D30096283F /* Supporting Files */,
			);
			path = WSQRCode;
			sourceTree = "<group>";
		};
		002C19BD1D9B98D30096283F /* Supporting Files */ = {
			isa = PBXGroup;
			children = (
				002C19BE1D9B98D30096283F /* main.m */,
			);
			name = "Supporting Files";
			sourceTree = "<group>";
		};
		002C19D91D9B98D30096283F /* WSQRCodeTests */ = {
			isa = PBXGroup;
			children = (
				002C19DA1D9B98D30096283F /* WSQRCodeTests.m */,
				002C19DC1D9B98D30096283F /* Info.plist */,
			);
			path = WSQRCodeTests;
			sourceTree = "<group>";
		};
		002C19E41D9B98D30096283F /* WSQRCodeUITests */ = {
			isa = PBXGroup;
			children = (
				002C19E51D9B98D30096283F /* WSQRCodeUITests.m */,
				002C19E71D9B98D30096283F /* Info.plist */,
			);
			path = WSQRCodeUITests;
			sourceTree = "<group>";
		};
		002C19FB1D9BA1A80096283F /* Masonry */ = {
			isa = PBXGroup;
			children = (
				002C19FC1D9BA1A80096283F /* MASCompositeConstraint.h */,
				002C19FD1D9BA1A80096283F /* MASCompositeConstraint.m */,
				002C19FE1D9BA1A80096283F /* MASConstraint+Private.h */,
				002C19FF1D9BA1A80096283F /* MASConstraint.h */,
				002C1A001D9BA1A80096283F /* MASConstraint.m */,
				002C1A011D9BA1A80096283F /* MASConstraintMaker.h */,
				002C1A021D9BA1A80096283F /* MASConstraintMaker.m */,
				002C1A031D9BA1A80096283F /* MASLayoutConstraint.h */,
				002C1A041D9BA1A80096283F /* MASLayoutConstraint.m */,
				002C1A051D9BA1A80096283F /* Masonry.h */,
				002C1A061D9BA1A80096283F /* MASUtilities.h */,
				002C1A071D9BA1A80096283F /* MASViewAttribute.h */,
				002C1A081D9BA1A80096283F /* MASViewAttribute.m */,
				002C1A091D9BA1A80096283F /* MASViewConstraint.h */,
				002C1A0A1D9BA1A80096283F /* MASViewConstraint.m */,
				002C1A0B1D9BA1A80096283F /* NSArray+MASAdditions.h */,
				002C1A0C1D9BA1A80096283F /* NSArray+MASAdditions.m */,
				002C1A0D1D9BA1A80096283F /* NSArray+MASShorthandAdditions.h */,
				002C1A0E1D9BA1A80096283F /* NSLayoutConstraint+MASDebugAdditions.h */,
				002C1A0F1D9BA1A80096283F /* NSLayoutConstraint+MASDebugAdditions.m */,
				002C1A101D9BA1A80096283F /* View+MASAdditions.h */,
				002C1A111D9BA1A80096283F /* View+MASAdditions.m */,
				002C1A121D9BA1A80096283F /* View+MASShorthandAdditions.h */,
			);
			path = Masonry;
			sourceTree = "<group>";
		};
/* End PBXGroup section */

/* Begin PBXNativeTarget section */
		002C19B91D9B98D30096283F /* WSQRCode */ = {
			isa = PBXNativeTarget;
			buildConfigurationList = 002C19EA1D9B98D30096283F /* Build configuration list for PBXNativeTarget "WSQRCode" */;
			buildPhases = (
				002C19B61D9B98D30096283F /* Sources */,
				002C19B71D9B98D30096283F /* Frameworks */,
				002C19B81D9B98D30096283F /* Resources */,
			);
			buildRules = (
			);
			dependencies = (
			);
			name = WSQRCode;
			productName = WSQRCode;
			productReference = 002C19BA1D9B98D30096283F /* WSQRCode.app */;
			productType = "com.apple.product-type.application";
		};
		002C19D51D9B98D30096283F /* WSQRCodeTests */ = {
			isa = PBXNativeTarget;
			buildConfigurationList = 002C19ED1D9B98D30096283F /* Build configuration list for PBXNativeTarget "WSQRCodeTests" */;
			buildPhases = (
				002C19D21D9B98D30096283F /* Sources */,
				002C19D31D9B98D30096283F /* Frameworks */,
				002C19D41D9B98D30096283F /* Resources */,
			);
			buildRules = (
			);
			dependencies = (
				002C19D81D9B98D30096283F /* PBXTargetDependency */,
			);
			name = WSQRCodeTests;
			productName = WSQRCodeTests;
			productReference = 002C19D61D9B98D30096283F /* WSQRCodeTests.xctest */;
			productType = "com.apple.product-type.bundle.unit-test";
		};
		002C19E01D9B98D30096283F /* WSQRCodeUITests */ = {
			isa = PBXNativeTarget;
			buildConfigurationList = 002C19F01D9B98D30096283F /* Build configuration list for PBXNativeTarget "WSQRCodeUITests" */;
			buildPhases = (
				002C19DD1D9B98D30096283F /* Sources */,
				002C19DE1D9B98D30096283F /* Frameworks */,
				002C19DF1D9B98D30096283F /* Resources */,
			);
			buildRules = (
			);
			dependencies = (
				002C19E31D9B98D30096283F /* PBXTargetDependency */,
			);
			name = WSQRCodeUITests;
			productName = WSQRCodeUITests;
			productReference = 002C19E11D9B98D30096283F /* WSQRCodeUITests.xctest */;
			productType = "com.apple.product-type.bundle.ui-testing";
		};
/* End PBXNativeTarget section */

/* Begin PBXProject section */
		002C19B21D9B98D30096283F /* Project object */ = {
			isa = PBXProject;
			attributes = {
				LastUpgradeCheck = 0800;
				ORGANIZATIONNAME = WangS;
				TargetAttributes = {
					002C19B91D9B98D30096283F = {
						CreatedOnToolsVersion = 8.0;
						DevelopmentTeam = P8JMZVFVGC;
						ProvisioningStyle = Automatic;
					};
					002C19D51D9B98D30096283F = {
						CreatedOnToolsVersion = 8.0;
						ProvisioningStyle = Automatic;
						TestTargetID = 002C19B91D9B98D30096283F;
					};
					002C19E01D9B98D30096283F = {
						CreatedOnToolsVersion = 8.0;
						ProvisioningStyle = Automatic;
						TestTargetID = 002C19B91D9B98D30096283F;
					};
				};
			};
			buildConfigurationList = 002C19B51D9B98D30096283F /* Build configuration list for PBXProject "WSQRCode" */;
			compatibilityVersion = "Xcode 3.2";
			developmentRegion = English;
			hasScannedForEncodings = 0;
			knownRegions = (
				en,
				Base,
			);
			mainGroup = 002C19B11D9B98D30096283F;
			productRefGroup = 002C19BB1D9B98D30096283F /* Products */;
			projectDirPath = "";
			projectRoot = "";
			targets = (
				002C19B91D9B98D30096283F /* WSQRCode */,
				002C19D51D9B98D30096283F /* WSQRCodeTests */,
				002C19E01D9B98D30096283F /* WSQRCodeUITests */,
			);
		};
/* End PBXProject section */

/* Begin PBXResourcesBuildPhase section */
		002C19B81D9B98D30096283F /* Resources */ = {
			isa = PBXResourcesBuildPhase;
			buildActionMask = 2147483647;
			files = (
				002C19D01D9B98D30096283F /* LaunchScreen.storyboard in Resources */,
				002C19CD1D9B98D30096283F /* Assets.xcassets in Resources */,
				002C19C81D9B98D30096283F /* Main.storyboard in Resources */,
			);
			runOnlyForDeploymentPostprocessing = 0;
		};
		002C19D41D9B98D30096283F /* Resources */ = {
			isa = PBXResourcesBuildPhase;
			buildActionMask = 2147483647;
			files = (
			);
			runOnlyForDeploymentPostprocessing = 0;
		};
		002C19DF1D9B98D30096283F /* Resources */ = {
			isa = PBXResourcesBuildPhase;
			buildActionMask = 2147483647;
			files = (
			);
			runOnlyForDeploymentPostprocessing = 0;
		};
/* End PBXResourcesBuildPhase section */

/* Begin PBXSourcesBuildPhase section */
		002C19B61D9B98D30096283F /* Sources */ = {
			isa = PBXSourcesBuildPhase;
			buildActionMask = 2147483647;
			files = (
				002C1A151D9BA1A80096283F /* MASConstraint.m in Sources */,
				002C1A1B1D9BA1A80096283F /* MASViewAttribute.m in Sources */,
				002C1A1F1D9BA1A80096283F /* NSArray+MASAdditions.m in Sources */,
				002C19F91D9B9A360096283F /* WSCreateQRCodeViewController.m in Sources */,
				002C1A1D1D9BA1A80096283F /* MASViewConstraint.m in Sources */,
				002C1A191D9BA1A80096283F /* MASLayoutConstraint.m in Sources */,
				002C19C51D9B98D30096283F /* ViewController.m in Sources */,
				002C19CB1D9B98D30096283F /* WSQRCode.xcdatamodeld in Sources */,
				002C1A231D9BA1A80096283F /* View+MASAdditions.m in Sources */,
				002C1A131D9BA1A80096283F /* MASCompositeConstraint.m in Sources */,
				002C1A211D9BA1A80096283F /* NSLayoutConstraint+MASDebugAdditions.m in Sources */,
				002C1A171D9BA1A80096283F /* MASConstraintMaker.m in Sources */,
				002C19C21D9B98D30096283F /* AppDelegate.m in Sources */,
				002C19BF1D9B98D30096283F /* main.m in Sources */,
				002C19F51D9B99210096283F /* WSQRCodeViewController.m in Sources */,
			);
			runOnlyForDeploymentPostprocessing = 0;
		};
		002C19D21D9B98D30096283F /* Sources */ = {
			isa = PBXSourcesBuildPhase;
			buildActionMask = 2147483647;
			files = (
				002C1A221D9BA1A80096283F /* NSLayoutConstraint+MASDebugAdditions.m in Sources */,
				002C1A1E1D9BA1A80096283F /* MASViewConstraint.m in Sources */,
				002C1A141D9BA1A80096283F /* MASCompositeConstraint.m in Sources */,
				002C1A201D9BA1A80096283F /* NSArray+MASAdditions.m in Sources */,
				002C19FA1D9B9A360096283F /* WSCreateQRCodeViewController.m in Sources */,
				002C19F61D9B99210096283F /* WSQRCodeViewController.m in Sources */,
				002C1A1A1D9BA1A80096283F /* MASLayoutConstraint.m in Sources */,
				002C19DB1D9B98D30096283F /* WSQRCodeTests.m in Sources */,
				002C1A241D9BA1A80096283F /* View+MASAdditions.m in Sources */,
				002C1A1C1D9BA1A80096283F /* MASViewAttribute.m in Sources */,
				002C1A161D9BA1A80096283F /* MASConstraint.m in Sources */,
				002C1A181D9BA1A80096283F /* MASConstraintMaker.m in Sources */,
			);
			runOnlyForDeploymentPostprocessing = 0;
		};
		002C19DD1D9B98D30096283F /* Sources */ = {
			isa = PBXSourcesBuildPhase;
			buildActionMask = 2147483647;
			files = (
				002C19E61D9B98D30096283F /* WSQRCodeUITests.m in Sources */,
			);
			runOnlyForDeploymentPostprocessing = 0;
		};
/* End PBXSourcesBuildPhase section */

/* Begin PBXTargetDependency section */
		002C19D81D9B98D30096283F /* PBXTargetDependency */ = {
			isa = PBXTargetDependency;
			target = 002C19B91D9B98D30096283F /* WSQRCode */;
			targetProxy = 002C19D71D9B98D30096283F /* PBXContainerItemProxy */;
		};
		002C19E31D9B98D30096283F /* PBXTargetDependency */ = {
			isa = PBXTargetDependency;
			target = 002C19B91D9B98D30096283F /* WSQRCode */;
			targetProxy = 002C19E21D9B98D30096283F /* PBXContainerItemProxy */;
		};
/* End PBXTargetDependency section */

/* Begin PBXVariantGroup section */
		002C19C61D9B98D30096283F /* Main.storyboard */ = {
			isa = PBXVariantGroup;
			children = (
				002C19C71D9B98D30096283F /* Base */,
			);
			name = Main.storyboard;
			sourceTree = "<group>";
		};
		002C19CE1D9B98D30096283F /* LaunchScreen.storyboard */ = {
			isa = PBXVariantGroup;
			children = (
				002C19CF1D9B98D30096283F /* Base */,
			);
			name = LaunchScreen.storyboard;
			sourceTree = "<group>";
		};
/* End PBXVariantGroup section */

/* Begin XCBuildConfiguration section */
		002C19E81D9B98D30096283F /* Debug */ = {
			isa = XCBuildConfiguration;
			buildSettings = {
				ALWAYS_SEARCH_USER_PATHS = NO;
				CLANG_ANALYZER_NONNULL = YES;
				CLANG_CXX_LANGUAGE_STANDARD = "gnu++0x";
				CLANG_CXX_LIBRARY = "libc++";
				CLANG_ENABLE_MODULES = YES;
				CLANG_ENABLE_OBJC_ARC = YES;
				CLANG_WARN_BOOL_CONVERSION = YES;
				CLANG_WARN_CONSTANT_CONVERSION = YES;
				CLANG_WARN_DIRECT_OBJC_ISA_USAGE = YES_ERROR;
				CLANG_WARN_DOCUMENTATION_COMMENTS = YES;
				CLANG_WARN_EMPTY_BODY = YES;
				CLANG_WARN_ENUM_CONVERSION = YES;
				CLANG_WARN_INFINITE_RECURSION = YES;
				CLANG_WARN_INT_CONVERSION = YES;
				CLANG_WARN_OBJC_ROOT_CLASS = YES_ERROR;
				CLANG_WARN_SUSPICIOUS_MOVES = YES;
				CLANG_WARN_UNREACHABLE_CODE = YES;
				CLANG_WARN__DUPLICATE_METHOD_MATCH = YES;
				"CODE_SIGN_IDENTITY[sdk=iphoneos*]" = "iPhone Developer";
				COPY_PHASE_STRIP = NO;
				DEBUG_INFORMATION_FORMAT = dwarf;
				ENABLE_STRICT_OBJC_MSGSEND = YES;
				ENABLE_TESTABILITY = YES;
				GCC_C_LANGUAGE_STANDARD = gnu99;
				GCC_DYNAMIC_NO_PIC = NO;
				GCC_NO_COMMON_BLOCKS = YES;
				GCC_OPTIMIZATION_LEVEL = 0;
				GCC_PREPROCESSOR_DEFINITIONS = (
					"DEBUG=1",
					"$(inherited)",
				);
				GCC_WARN_64_TO_32_BIT_CONVERSION = YES;
				GCC_WARN_ABOUT_RETURN_TYPE = YES_ERROR;
				GCC_WARN_UNDECLARED_SELECTOR = YES;
				GCC_WARN_UNINITIALIZED_AUTOS = YES_AGGRESSIVE;
				GCC_WARN_UNUSED_FUNCTION = YES;
				GCC_WARN_UNUSED_VARIABLE = YES;
				IPHONEOS_DEPLOYMENT_TARGET = 10.0;
				MTL_ENABLE_DEBUG_INFO = YES;
				ONLY_ACTIVE_ARCH = YES;
				SDKROOT = iphoneos;
			};
			name = Debug;
		};
		002C19E91D9B98D30096283F /* Release */ = {
			isa = XCBuildConfiguration;
			buildSettings = {
				ALWAYS_SEARCH_USER_PATHS = NO;
				CLANG_ANALYZER_NONNULL = YES;
				CLANG_CXX_LANGUAGE_STANDARD = "gnu++0x";
				CLANG_CXX_LIBRARY = "libc++";
				CLANG_ENABLE_MODULES = YES;
				CLANG_ENABLE_OBJC_ARC = YES;
				CLANG_WARN_BOOL_CONVERSION = YES;
				CLANG_WARN_CONSTANT_CONVERSION = YES;
				CLANG_WARN_DIRECT_OBJC_ISA_USAGE = YES_ERROR;
				CLANG_WARN_DOCUMENTATION_COMMENTS = YES;
				CLANG_WARN_EMPTY_BODY = YES;
				CLANG_WARN_ENUM_CONVERSION = YES;
				CLANG_WARN_INFINITE_RECURSION = YES;
				CLANG_WARN_INT_CONVERSION = YES;
				CLANG_WARN_OBJC_ROOT_CLASS = YES_ERROR;
				CLANG_WARN_SUSPICIOUS_MOVES = YES;
				CLANG_WARN_UNREACHABLE_CODE = YES;
				CLANG_WARN__DUPLICATE_METHOD_MATCH = YES;
				"CODE_SIGN_IDENTITY[sdk=iphoneos*]" = "iPhone Developer";
				COPY_PHASE_STRIP = NO;
				DEBUG_INFORMATION_FORMAT = "dwarf-with-dsym";
				ENABLE_NS_ASSERTIONS = NO;
				ENABLE_STRICT_OBJC_MSGSEND = YES;
				GCC_C_LANGUAGE_STANDARD = gnu99;
				GCC_NO_COMMON_BLOCKS = YES;
				GCC_WARN_64_TO_32_BIT_CONVERSION = YES;
				GCC_WARN_ABOUT_RETURN_TYPE = YES_ERROR;
				GCC_WARN_UNDECLARED_SELECTOR = YES;
				GCC_WARN_UNINITIALIZED_AUTOS = YES_AGGRESSIVE;
				GCC_WARN_UNUSED_FUNCTION = YES;
				GCC_WARN_UNUSED_VARIABLE = YES;
				IPHONEOS_DEPLOYMENT_TARGET = 10.0;
				MTL_ENABLE_DEBUG_INFO = NO;
				SDKROOT = iphoneos;
				VALIDATE_PRODUCT = YES;
			};
			name = Release;
		};
		002C19EB1D9B98D30096283F /* Debug */ = {
			isa = XCBuildConfiguration;
			buildSettings = {
				ASSETCATALOG_COMPILER_APPICON_NAME = AppIcon;
				DEVELOPMENT_TEAM = P8JMZVFVGC;
				INFOPLIST_FILE = WSQRCode/Info.plist;
				LD_RUNPATH_SEARCH_PATHS = "$(inherited) @executable_path/Frameworks";
				PRODUCT_BUNDLE_IDENTIFIER = com.wangs.WSQRCode;
				PRODUCT_NAME = "$(TARGET_NAME)";
			};
			name = Debug;
		};
		002C19EC1D9B98D30096283F /* Release */ = {
			isa = XCBuildConfiguration;
			buildSettings = {
				ASSETCATALOG_COMPILER_APPICON_NAME = AppIcon;
				DEVELOPMENT_TEAM = P8JMZVFVGC;
				INFOPLIST_FILE = WSQRCode/Info.plist;
				LD_RUNPATH_SEARCH_PATHS = "$(inherited) @executable_path/Frameworks";
				PRODUCT_BUNDLE_IDENTIFIER = com.wangs.WSQRCode;
				PRODUCT_NAME = "$(TARGET_NAME)";
			};
			name = Release;
		};
		002C19EE1D9B98D30096283F /* Debug */ = {
			isa = XCBuildConfiguration;
			buildSettings = {
				BUNDLE_LOADER = "$(TEST_HOST)";
				INFOPLIST_FILE = WSQRCodeTests/Info.plist;
				LD_RUNPATH_SEARCH_PATHS = "$(inherited) @executable_path/Frameworks @loader_path/Frameworks";
				PRODUCT_BUNDLE_IDENTIFIER = com.wangs.WSQRCodeTests;
				PRODUCT_NAME = "$(TARGET_NAME)";
				TEST_HOST = "$(BUILT_PRODUCTS_DIR)/WSQRCode.app/WSQRCode";
			};
			name = Debug;
		};
		002C19EF1D9B98D30096283F /* Release */ = {
			isa = XCBuildConfiguration;
			buildSettings = {
				BUNDLE_LOADER = "$(TEST_HOST)";
				INFOPLIST_FILE = WSQRCodeTests/Info.plist;
				LD_RUNPATH_SEARCH_PATHS = "$(inherited) @executable_path/Frameworks @loader_path/Frameworks";
				PRODUCT_BUNDLE_IDENTIFIER = com.wangs.WSQRCodeTests;
				PRODUCT_NAME = "$(TARGET_NAME)";
				TEST_HOST = "$(BUILT_PRODUCTS_DIR)/WSQRCode.app/WSQRCode";
			};
			name = Release;
		};
		002C19F11D9B98D30096283F /* Debug */ = {
			isa = XCBuildConfiguration;
			buildSettings = {
				INFOPLIST_FILE = WSQRCodeUITests/Info.plist;
				LD_RUNPATH_SEARCH_PATHS = "$(inherited) @executable_path/Frameworks @loader_path/Frameworks";
				PRODUCT_BUNDLE_IDENTIFIER = com.wangs.WSQRCodeUITests;
				PRODUCT_NAME = "$(TARGET_NAME)";
				TEST_TARGET_NAME = WSQRCode;
			};
			name = Debug;
		};
		002C19F21D9B98D30096283F /* Release */ = {
			isa = XCBuildConfiguration;
			buildSettings = {
				INFOPLIST_FILE = WSQRCodeUITests/Info.plist;
				LD_RUNPATH_SEARCH_PATHS = "$(inherited) @executable_path/Frameworks @loader_path/Frameworks";
				PRODUCT_BUNDLE_IDENTIFIER = com.wangs.WSQRCodeUITests;
				PRODUCT_NAME = "$(TARGET_NAME)";
				TEST_TARGET_NAME = WSQRCode;
			};
			name = Release;
		};
/* End XCBuildConfiguration section */

/* Begin XCConfigurationList section */
		002C19B51D9B98D30096283F /* Build configuration list for PBXProject "WSQRCode" */ = {
			isa = XCConfigurationList;
			buildConfigurations = (
				002C19E81D9B98D30096283F /* Debug */,
				002C19E91D9B98D30096283F /* Release */,
			);
			defaultConfigurationIsVisible = 0;
			defaultConfigurationName = Release;
		};
		002C19EA1D9B98D30096283F /* Build configuration list for PBXNativeTarget "WSQRCode" */ = {
			isa = XCConfigurationList;
			buildConfigurations = (
				002C19EB1D9B98D30096283F /* Debug */,
				002C19EC1D9B98D30096283F /* Release */,
			);
			defaultConfigurationIsVisible = 0;
		};
		002C19ED1D9B98D30096283F /* Build configuration list for PBXNativeTarget "WSQRCodeTests" */ = {
			isa = XCConfigurationList;
			buildConfigurations = (
				002C19EE1D9B98D30096283F /* Debug */,
				002C19EF1D9B98D30096283F /* Release */,
			);
			defaultConfigurationIsVisible = 0;
		};
		002C19F01D9B98D30096283F /* Build configuration list for PBXNativeTarget "WSQRCodeUITests" */ = {
			isa = XCConfigurationList;
			buildConfigurations = (
				002C19F11D9B98D30096283F /* Debug */,
				002C19F21D9B98D30096283F /* Release */,
			);
			defaultConfigurationIsVisible = 0;
		};
/* End XCConfigurationList section */

/* Begin XCVersionGroup section */
		002C19C91D9B98D30096283F /* WSQRCode.xcdatamodeld */ = {
			isa = XCVersionGroup;
			children = (
				002C19CA1D9B98D30096283F /* WSQRCode.xcdatamodel */,
			);
			currentVersion = 002C19CA1D9B98D30096283F /* WSQRCode.xcdatamodel */;
			path = WSQRCode.xcdatamodeld;
			sourceTree = "<group>";
			versionGroupType = wrapper.xcdatamodel;
		};
/* End XCVersionGroup section */
	};
	rootObject = 002C19B21D9B98D30096283F /* Project object */;
}
